
Microsoft Visual Studio Solution File, Format Version 12.00
# Visual Studio Version 17
VisualStudioVersion = 17.13.35828.75 d17.13
MinimumVisualStudioVersion = 10.0.40219.1
Project("{8BC9CEB8-8B4A-11D0-8D11-00A0C91BC942}") = "Gameboy Emulator", "Gameboy Emulator.vcxproj", "{ABCF7D91-DAF1-438D-AFEA-06372CE2278B}"
EndProject
Global
	GlobalSection(SolutionConfigurationPlatforms) = preSolution
		Debug|x64 = Debug|x64
		Debug|x86 = Debug|x86
		Release|x64 = Release|x64
		Release|x86 = Release|x86
	EndGlobalSection
	GlobalSection(ProjectConfigurationPlatforms) = postSolution
		{ABCF7D91-DAF1-438D-AFEA-06372CE2278B}.Debug|x64.ActiveCfg = Debug|x64
		{ABCF7D91-DAF1-438D-AFEA-06372CE2278B}.Debug|x64.Build.0 = Debug|x64
		{ABCF7D91-DAF1-438D-AFEA-06372CE2278B}.Debug|x86.ActiveCfg = Debug|Win32
		{ABCF7D91-DAF1-438D-AFEA-06372CE2278B}.Debug|x86.Build.0 = Debug|Win32
		{ABCF7D91-DAF1-438D-AFEA-06372CE2278B}.Release|x64.ActiveCfg = Release|x64
		{ABCF7D91-DAF1-438D-AFEA-06372CE2278B}.Release|x64.Build.0 = Release|x64
		{ABCF7D91-DAF1-438D-AFEA-06372CE2278B}.Release|x86.ActiveCfg = Release|Win32
		{ABCF7D91-DAF1-438D-AFEA-06372CE2278B}.Release|x86.Build.0 = Release|Win32
	EndGlobalSection
	GlobalSection(SolutionProperties) = preSolution
		HideSolutionNode = FALSE
	EndGlobalSection
	GlobalSection(ExtensibilityGlobals) = postSolution
		SolutionGuid = {5FB45E40-D0ED-4761-B12D-6AB98B7FA919}
	EndGlobalSection
EndGlobal
